
Microsoft Visual Studio Solution File, Format Version 12.00
# Visual Studio Version 17
VisualStudioVersion = 17.4.33122.133
MinimumVisualStudioVersion = 10.0.40219.1
Project("{9A19103F-16F7-4668-BE54-9A1E7A4F7556}") = "MelissaDataEmailObjectLinuxNETSample", "MelissaDataEmailObjectLinuxNETSample.csproj", "{160838A9-A816-435B-8CA1-CF062108E29F}"
EndProject
Global
	GlobalSection(SolutionConfigurationPlatforms) = preSolution
		Debug|Any CPU = Debug|Any CPU
		Release|Any CPU = Release|Any CPU
	EndGlobalSection
	GlobalSection(ProjectConfigurationPlatforms) = postSolution
		{160838A9-A816-435B-8CA1-CF062108E29F}.Debug|Any CPU.ActiveCfg = Debug|Any CPU
		{160838A9-A816-435B-8CA1-CF062108E29F}.Debug|Any CPU.Build.0 = Debug|Any CPU
		{160838A9-A816-435B-8CA1-CF062108E29F}.Release|Any CPU.ActiveCfg = Release|Any CPU
		{160838A9-A816-435B-8CA1-CF062108E29F}.Release|Any CPU.Build.0 = Release|Any CPU
	EndGlobalSection
	GlobalSection(SolutionProperties) = preSolution
		HideSolutionNode = FALSE
	EndGlobalSection
	GlobalSection(ExtensibilityGlobals) = postSolution
		SolutionGuid = {3FA0C410-020A-40D9-BF36-CEF3E962729B}
	EndGlobalSection
EndGlobal
